
Microsoft Visual Studio Solution File, Format Version 12.00
# Visual Studio 14
VisualStudioVersion = 14.0.25420.1
MinimumVisualStudioVersion = 10.0.40219.1
Project("{FAE04EC0-301F-11D3-BF4B-00C04F79EFBC}") = "PasswordStrengthIndicator.Core", "PasswordStrengthIndicator.Core\PasswordStrengthIndicator.Core.csproj", "{F362A8C2-1E4B-4936-8360-A18369657032}"
EndProject
Project("{FAE04EC0-301F-11D3-BF4B-00C04F79EFBC}") = "PasswordStrengthIndicator.Test.WebApp", "PasswordStrengthIndicator.Test.WebApp\PasswordStrengthIndicator.Test.WebApp.csproj", "{78133074-D6B3-49B4-8455-B81DF9DA3069}"
EndProject
Project("{FAE04EC0-301F-11D3-BF4B-00C04F79EFBC}") = "PasswordStrengthIndicator.Test.MVC3", "PasswordStrengthIndicator.Test.MVC3\MvcPasswordStrength\PasswordStrengthIndicator.Test.MVC3.csproj", "{FF9A125B-047D-4E00-BF75-B5B1D41C283A}"
EndProject
Project("{E24C65DC-7377-472B-9ABA-BC803B73C61A}") = "PasswordStrengthIndicator.Test.Web", "PasswordStrengthIndicator.Test.Web\", "{538993D8-A70D-414D-9956-BB0873741BA4}"
	ProjectSection(WebsiteProperties) = preProject
		TargetFrameworkMoniker = ".NETFramework,Version%3Dv3.5"
		ProjectReferences = "{f362a8c2-1e4b-4936-8360-a18369657032}|PasswordStrengthIndicator.Core.dll;"
		Debug.AspNetCompiler.VirtualPath = "/PasswordStrengthIndicator.Test.Web"
		Debug.AspNetCompiler.PhysicalPath = "PasswordStrengthIndicator.Test.Web\"
		Debug.AspNetCompiler.TargetPath = "PrecompiledWeb\PasswordStrengthIndicator.Test.Web\"
		Debug.AspNetCompiler.Updateable = "true"
		Debug.AspNetCompiler.ForceOverwrite = "true"
		Debug.AspNetCompiler.FixedNames = "false"
		Debug.AspNetCompiler.Debug = "True"
		Release.AspNetCompiler.VirtualPath = "/PasswordStrengthIndicator.Test.Web"
		Release.AspNetCompiler.PhysicalPath = "PasswordStrengthIndicator.Test.Web\"
		Release.AspNetCompiler.TargetPath = "PrecompiledWeb\PasswordStrengthIndicator.Test.Web\"
		Release.AspNetCompiler.Updateable = "true"
		Release.AspNetCompiler.ForceOverwrite = "true"
		Release.AspNetCompiler.FixedNames = "false"
		Release.AspNetCompiler.Debug = "False"
		VWDPort = "55593"
		SlnRelativePath = "PasswordStrengthIndicator.Test.Web\"
	EndProjectSection
EndProject
Project("{FAE04EC0-301F-11D3-BF4B-00C04F79EFBC}") = "PasswordStrengthIndicator.Test.MVC4", "PasswordStrengthIndicator.Test.MVC4\PasswordStrengthIndicator.Test.MVC4.csproj", "{874692D0-FE1B-44A8-B391-C40AB3A2C199}"
EndProject
Project("{FAE04EC0-301F-11D3-BF4B-00C04F79EFBC}") = "PasswordStrengthIndicator.Test.MVC5", "PasswordStrengthIndicator.Test.MVC5\PasswordStrengthIndicator.Test.MVC5.csproj", "{7427BF7C-9B7F-4666-9F37-4317FEF940A0}"
EndProject
Global
	GlobalSection(SolutionConfigurationPlatforms) = preSolution
		Debug|Any CPU = Debug|Any CPU
		Release|Any CPU = Release|Any CPU
	EndGlobalSection
	GlobalSection(ProjectConfigurationPlatforms) = postSolution
		{F362A8C2-1E4B-4936-8360-A18369657032}.Debug|Any CPU.ActiveCfg = Debug|Any CPU
		{F362A8C2-1E4B-4936-8360-A18369657032}.Debug|Any CPU.Build.0 = Debug|Any CPU
		{F362A8C2-1E4B-4936-8360-A18369657032}.Release|Any CPU.ActiveCfg = Release|Any CPU
		{F362A8C2-1E4B-4936-8360-A18369657032}.Release|Any CPU.Build.0 = Release|Any CPU
		{78133074-D6B3-49B4-8455-B81DF9DA3069}.Debug|Any CPU.ActiveCfg = Debug|Any CPU
		{78133074-D6B3-49B4-8455-B81DF9DA3069}.Debug|Any CPU.Build.0 = Debug|Any CPU
		{78133074-D6B3-49B4-8455-B81DF9DA3069}.Release|Any CPU.ActiveCfg = Release|Any CPU
		{78133074-D6B3-49B4-8455-B81DF9DA3069}.Release|Any CPU.Build.0 = Release|Any CPU
		{FF9A125B-047D-4E00-BF75-B5B1D41C283A}.Debug|Any CPU.ActiveCfg = Debug|Any CPU
		{FF9A125B-047D-4E00-BF75-B5B1D41C283A}.Debug|Any CPU.Build.0 = Debug|Any CPU
		{FF9A125B-047D-4E00-BF75-B5B1D41C283A}.Release|Any CPU.ActiveCfg = Release|Any CPU
		{FF9A125B-047D-4E00-BF75-B5B1D41C283A}.Release|Any CPU.Build.0 = Release|Any CPU
		{538993D8-A70D-414D-9956-BB0873741BA4}.Debug|Any CPU.ActiveCfg = Debug|Any CPU
		{538993D8-A70D-414D-9956-BB0873741BA4}.Debug|Any CPU.Build.0 = Debug|Any CPU
		{538993D8-A70D-414D-9956-BB0873741BA4}.Release|Any CPU.ActiveCfg = Debug|Any CPU
		{538993D8-A70D-414D-9956-BB0873741BA4}.Release|Any CPU.Build.0 = Debug|Any CPU
		{874692D0-FE1B-44A8-B391-C40AB3A2C199}.Debug|Any CPU.ActiveCfg = Debug|Any CPU
		{874692D0-FE1B-44A8-B391-C40AB3A2C199}.Debug|Any CPU.Build.0 = Debug|Any CPU
		{874692D0-FE1B-44A8-B391-C40AB3A2C199}.Release|Any CPU.ActiveCfg = Release|Any CPU
		{874692D0-FE1B-44A8-B391-C40AB3A2C199}.Release|Any CPU.Build.0 = Release|Any CPU
		{7427BF7C-9B7F-4666-9F37-4317FEF940A0}.Debug|Any CPU.ActiveCfg = Debug|Any CPU
		{7427BF7C-9B7F-4666-9F37-4317FEF940A0}.Debug|Any CPU.Build.0 = Debug|Any CPU
		{7427BF7C-9B7F-4666-9F37-4317FEF940A0}.Release|Any CPU.ActiveCfg = Release|Any CPU
		{7427BF7C-9B7F-4666-9F37-4317FEF940A0}.Release|Any CPU.Build.0 = Release|Any CPU
	EndGlobalSection
	GlobalSection(SolutionProperties) = preSolution
		HideSolutionNode = FALSE
	EndGlobalSection
	GlobalSection(SubversionScc) = preSolution
		Svn-Managed = True
		Manager = AnkhSVN - Subversion Support for Visual Studio
	EndGlobalSection
EndGlobal
